// !$*UTF8*$!
{
	archiveVersion = 1;
	classes = {
	};
	objectVersion = 46;
	objects = {

/* Begin PBXBuildFile section */
		ED64DA0D1DD8A1BF0089E2BE /* MagnificationAnimator.m in Sources */ = {isa = PBXBuildFile; fileRef = ED64DA0C1DD8A1BF0089E2BE /* MagnificationAnimator.m */; };
		EDA1055B1DD6BC9100C26BC0 /* main.m in Sources */ = {isa = PBXBuildFile; fileRef = EDA1055A1DD6BC9100C26BC0 /* main.m */; };
		EDA1055E1DD6BC9200C26BC0 /* AppDelegate.m in Sources */ = {isa = PBXBuildFile; fileRef = EDA1055D1DD6BC9100C26BC0 /* AppDelegate.m */; };
		EDA105611DD6BC9200C26BC0 /* ViewController.m in Sources */ = {isa = PBXBuildFile; fileRef = EDA105601DD6BC9200C26BC0 /* ViewController.m */; };
		EDA105641DD6BC9200C26BC0 /* Main.storyboard in Resources */ = {isa = PBXBuildFile; fileRef = EDA105621DD6BC9200C26BC0 /* Main.storyboard */; };
		EDA105661DD6BC9200C26BC0 /* Assets.xcassets in Resources */ = {isa = PBXBuildFile; fileRef = EDA105651DD6BC9200C26BC0 /* Assets.xcassets */; };
		EDA105691DD6BC9200C26BC0 /* LaunchScreen.storyboard in Resources */ = {isa = PBXBuildFile; fileRef = EDA105671DD6BC9200C26BC0 /* LaunchScreen.storyboard */; };
		EDA105751DD6CE0E00C26BC0 /* BeginViewController.m in Sources */ = {isa = PBXBuildFile; fileRef = EDA105741DD6CE0E00C26BC0 /* BeginViewController.m */; };
/* End PBXBuildFile section */

/* Begin PBXFileReference section */
		ED64DA0B1DD8A1BF0089E2BE /* MagnificationAnimator.h */ = {isa = PBXFileReference; fileEncoding = 4; lastKnownFileType = sourcecode.c.h; path = MagnificationAnimator.h; sourceTree = "<group>"; };
		ED64DA0C1DD8A1BF0089E2BE /* MagnificationAnimator.m */ = {isa = PBXFileReference; fileEncoding = 4; lastKnownFileType = sourcecode.c.objc; path = MagnificationAnimator.m; sourceTree = "<group>"; };
		EDA105561DD6BC9100C26BC0 /* TYMagnificationTransition.app */ = {isa = PBXFileReference; explicitFileType = wrapper.application; includeInIndex = 0; path = TYMagnificationTransition.app; sourceTree = BUILT_PRODUCTS_DIR; };
		EDA1055A1DD6BC9100C26BC0 /* main.m */ = {isa = PBXFileReference; lastKnownFileType = sourcecode.c.objc; path = main.m; sourceTree = "<group>"; };
		EDA1055C1DD6BC9100C26BC0 /* AppDelegate.h */ = {isa = PBXFileReference; lastKnownFileType = sourcecode.c.h; path = AppDelegate.h; sourceTree = "<group>"; };
		EDA1055D1DD6BC9100C26BC0 /* AppDelegate.m */ = {isa = PBXFileReference; lastKnownFileType = sourcecode.c.objc; path = AppDelegate.m; sourceTree = "<group>"; };
		EDA1055F1DD6BC9200C26BC0 /* ViewController.h */ = {isa = PBXFileReference; lastKnownFileType = sourcecode.c.h; path = ViewController.h; sourceTree = "<group>"; };
		EDA105601DD6BC9200C26BC0 /* ViewController.m */ = {isa = PBXFileReference; lastKnownFileType = sourcecode.c.objc; path = ViewController.m; sourceTree = "<group>"; };
		EDA105631DD6BC9200C26BC0 /* Base */ = {isa = PBXFileReference; lastKnownFileType = file.storyboard; name = Base; path = Base.lproj/Main.storyboard; sourceTree = "<group>"; };
		EDA105651DD6BC9200C26BC0 /* Assets.xcassets */ = {isa = PBXFileReference; lastKnownFileType = folder.assetcatalog; path = Assets.xcassets; sourceTree = "<group>"; };
		EDA105681DD6BC9200C26BC0 /* Base */ = {isa = PBXFileReference; lastKnownFileType = file.storyboard; name = Base; path = Base.lproj/LaunchScreen.storyboard; sourceTree = "<group>"; };
		EDA1056A1DD6BC9200C26BC0 /* Info.plist */ = {isa = PBXFileReference; lastKnownFileType = text.plist.xml; path = Info.plist; sourceTree = "<group>"; };
		EDA105731DD6CE0E00C26BC0 /* BeginViewController.h */ = {isa = PBXFileReference; fileEncoding = 4; lastKnownFileType = sourcecode.c.h; path = BeginViewController.h; sourceTree = "<group>"; };
		EDA105741DD6CE0E00C26BC0 /* BeginViewController.m */ = {isa = PBXFileReference; fileEncoding = 4; lastKnownFileType = sourcecode.c.objc; path = BeginViewController.m; sourceTree = "<group>"; };
/* End PBXFileReference section */

/* Begin PBXFrameworksBuildPhase section */
		EDA105531DD6BC9100C26BC0 /* Frameworks */ = {
			isa = PBXFrameworksBuildPhase;
			buildActionMask = 2147483647;
			files = (
			);
			runOnlyForDeploymentPostprocessing = 0;
		};
/* End PBXFrameworksBuildPhase section */

/* Begin PBXGroup section */
		ED64DA0A1DD8A1BF0089E2BE /* Tools */ = {
			isa = PBXGroup;
			children = (
				ED64DA0B1DD8A1BF0089E2BE /* MagnificationAnimator.h */,
				ED64DA0C1DD8A1BF0089E2BE /* MagnificationAnimator.m */,
			);
			path = Tools;
			sourceTree = "<group>";
		};
		EDA1054D1DD6BC9100C26BC0 = {
			isa = PBXGroup;
			children = (
				EDA105581DD6BC9100C26BC0 /* TYMagnificationTransition */,
				EDA105571DD6BC9100C26BC0 /* Products */,
			);
			sourceTree = "<group>";
		};
		EDA105571DD6BC9100C26BC0 /* Products */ = {
			isa = PBXGroup;
			children = (
				EDA105561DD6BC9100C26BC0 /* TYMagnificationTransition.app */,
			);
			name = Products;
			sourceTree = "<group>";
		};
		EDA105581DD6BC9100C26BC0 /* TYMagnificationTransition */ = {
			isa = PBXGroup;
			children = (
				ED64DA0A1DD8A1BF0089E2BE /* Tools */,
				EDA1055C1DD6BC9100C26BC0 /* AppDelegate.h */,
				EDA1055D1DD6BC9100C26BC0 /* AppDelegate.m */,
				EDA105731DD6CE0E00C26BC0 /* BeginViewController.h */,
				EDA105741DD6CE0E00C26BC0 /* BeginViewController.m */,
				EDA1055F1DD6BC9200C26BC0 /* ViewController.h */,
				EDA105601DD6BC9200C26BC0 /* ViewController.m */,
				EDA105621DD6BC9200C26BC0 /* Main.storyboard */,
				EDA105651DD6BC9200C26BC0 /* Assets.xcassets */,
				EDA105671DD6BC9200C26BC0 /* LaunchScreen.storyboard */,
				EDA1056A1DD6BC9200C26BC0 /* Info.plist */,
				EDA105591DD6BC9100C26BC0 /* Supporting Files */,
			);
			path = TYMagnificationTransition;
			sourceTree = "<group>";
		};
		EDA105591DD6BC9100C26BC0 /* Supporting Files */ = {
			isa = PBXGroup;
			children = (
				EDA1055A1DD6BC9100C26BC0 /* main.m */,
			);
			name = "Supporting Files";
			sourceTree = "<group>";
		};
/* End PBXGroup section */

/* Begin PBXNativeTarget section */
		EDA105551DD6BC9100C26BC0 /* TYMagnificationTransition */ = {
			isa = PBXNativeTarget;
			buildConfigurationList = EDA1056D1DD6BC9200C26BC0 /* Build configuration list for PBXNativeTarget "TYMagnificationTransition" */;
			buildPhases = (
				EDA105521DD6BC9100C26BC0 /* Sources */,
				EDA105531DD6BC9100C26BC0 /* Frameworks */,
				EDA105541DD6BC9100C26BC0 /* Resources */,
			);
			buildRules = (
			);
			dependencies = (
			);
			name = TYMagnificationTransition;
			productName = TYMagnificationTransition;
			productReference = EDA105561DD6BC9100C26BC0 /* TYMagnificationTransition.app */;
			productType = "com.apple.product-type.application";
		};
/* End PBXNativeTarget section */

/* Begin PBXProject section */
		EDA1054E1DD6BC9100C26BC0 /* Project object */ = {
			isa = PBXProject;
			attributes = {
				LastUpgradeCheck = 0800;
				ORGANIZATIONNAME = thomasTY;
				TargetAttributes = {
					EDA105551DD6BC9100C26BC0 = {
						CreatedOnToolsVersion = 8.0;
						ProvisioningStyle = Automatic;
					};
				};
			};
			buildConfigurationList = EDA105511DD6BC9100C26BC0 /* Build configuration list for PBXProject "TYMagnificationTransition" */;
			compatibilityVersion = "Xcode 3.2";
			developmentRegion = English;
			hasScannedForEncodings = 0;
			knownRegions = (
				en,
				Base,
			);
			mainGroup = EDA1054D1DD6BC9100C26BC0;
			productRefGroup = EDA105571DD6BC9100C26BC0 /* Products */;
			projectDirPath = "";
			projectRoot = "";
			targets = (
				EDA105551DD6BC9100C26BC0 /* TYMagnificationTransition */,
			);
		};
/* End PBXProject section */

/* Begin PBXResourcesBuildPhase section */
		EDA105541DD6BC9100C26BC0 /* Resources */ = {
			isa = PBXResourcesBuildPhase;
			buildActionMask = 2147483647;
			files = (
				EDA105691DD6BC9200C26BC0 /* LaunchScreen.storyboard in Resources */,
				EDA105661DD6BC9200C26BC0 /* Assets.xcassets in Resources */,
				EDA105641DD6BC9200C26BC0 /* Main.storyboard in Resources */,
			);
			runOnlyForDeploymentPostprocessing = 0;
		};
/* End PBXResourcesBuildPhase section */

/* Begin PBXSourcesBuildPhase section */
		EDA105521DD6BC9100C26BC0 /* Sources */ = {
			isa = PBXSourcesBuildPhase;
			buildActionMask = 2147483647;
			files = (
				ED64DA0D1DD8A1BF0089E2BE /* MagnificationAnimator.m in Sources */,
				EDA105611DD6BC9200C26BC0 /* ViewController.m in Sources */,
				EDA1055E1DD6BC9200C26BC0 /* AppDelegate.m in Sources */,
				EDA1055B1DD6BC9100C26BC0 /* main.m in Sources */,
				EDA105751DD6CE0E00C26BC0 /* BeginViewController.m in Sources */,
			);
			runOnlyForDeploymentPostprocessing = 0;
		};
/* End PBXSourcesBuildPhase section */

/* Begin PBXVariantGroup section */
		EDA105621DD6BC9200C26BC0 /* Main.storyboard */ = {
			isa = PBXVariantGroup;
			children = (
				EDA105631DD6BC9200C26BC0 /* Base */,
			);
			name = Main.storyboard;
			sourceTree = "<group>";
		};
		EDA105671DD6BC9200C26BC0 /* LaunchScreen.storyboard */ = {
			isa = PBXVariantGroup;
			children = (
				EDA105681DD6BC9200C26BC0 /* Base */,
			);
			name = LaunchScreen.storyboard;
			sourceTree = "<group>";
		};
/* End PBXVariantGroup section */

/* Begin XCBuildConfiguration section */
		EDA1056B1DD6BC9200C26BC0 /* Debug */ = {
			isa = XCBuildConfiguration;
			buildSettings = {
				ALWAYS_SEARCH_USER_PATHS = NO;
				CLANG_ANALYZER_NONNULL = YES;
				CLANG_CXX_LANGUAGE_STANDARD = "gnu++0x";
				CLANG_CXX_LIBRARY = "libc++";
				CLANG_ENABLE_MODULES = YES;
				CLANG_ENABLE_OBJC_ARC = YES;
				CLANG_WARN_BOOL_CONVERSION = YES;
				CLANG_WARN_CONSTANT_CONVERSION = YES;
				CLANG_WARN_DIRECT_OBJC_ISA_USAGE = YES_ERROR;
				CLANG_WARN_DOCUMENTATION_COMMENTS = YES;
				CLANG_WARN_EMPTY_BODY = YES;
				CLANG_WARN_ENUM_CONVERSION = YES;
				CLANG_WARN_INFINITE_RECURSION = YES;
				CLANG_WARN_INT_CONVERSION = YES;
				CLANG_WARN_OBJC_ROOT_CLASS = YES_ERROR;
				CLANG_WARN_SUSPICIOUS_MOVES = YES;
				CLANG_WARN_UNREACHABLE_CODE = YES;
				CLANG_WARN__DUPLICATE_METHOD_MATCH = YES;
				"CODE_SIGN_IDENTITY[sdk=iphoneos*]" = "iPhone Developer";
				COPY_PHASE_STRIP = NO;
				DEBUG_INFORMATION_FORMAT = dwarf;
				ENABLE_STRICT_OBJC_MSGSEND = YES;
				ENABLE_TESTABILITY = YES;
				GCC_C_LANGUAGE_STANDARD = gnu99;
				GCC_DYNAMIC_NO_PIC = NO;
				GCC_NO_COMMON_BLOCKS = YES;
				GCC_OPTIMIZATION_LEVEL = 0;
				GCC_PREPROCESSOR_DEFINITIONS = (
					"DEBUG=1",
					"$(inherited)",
				);
				GCC_WARN_64_TO_32_BIT_CONVERSION = YES;
				GCC_WARN_ABOUT_RETURN_TYPE = YES_ERROR;
				GCC_WARN_UNDECLARED_SELECTOR = YES;
				GCC_WARN_UNINITIALIZED_AUTOS = YES_AGGRESSIVE;
				GCC_WARN_UNUSED_FUNCTION = YES;
				GCC_WARN_UNUSED_VARIABLE = YES;
				IPHONEOS_DEPLOYMENT_TARGET = 10.0;
				MTL_ENABLE_DEBUG_INFO = YES;
				ONLY_ACTIVE_ARCH = YES;
				SDKROOT = iphoneos;
			};
			name = Debug;
		};
		EDA1056C1DD6BC9200C26BC0 /* Release */ = {
			isa = XCBuildConfiguration;
			buildSettings = {
				ALWAYS_SEARCH_USER_PATHS = NO;
				CLANG_ANALYZER_NONNULL = YES;
				CLANG_CXX_LANGUAGE_STANDARD = "gnu++0x";
				CLANG_CXX_LIBRARY = "libc++";
				CLANG_ENABLE_MODULES = YES;
				CLANG_ENABLE_OBJC_ARC = YES;
				CLANG_WARN_BOOL_CONVERSION = YES;
				CLANG_WARN_CONSTANT_CONVERSION = YES;
				CLANG_WARN_DIRECT_OBJC_ISA_USAGE = YES_ERROR;
				CLANG_WARN_DOCUMENTATION_COMMENTS = YES;
				CLANG_WARN_EMPTY_BODY = YES;
				CLANG_WARN_ENUM_CONVERSION = YES;
				CLANG_WARN_INFINITE_RECURSION = YES;
				CLANG_WARN_INT_CONVERSION = YES;
				CLANG_WARN_OBJC_ROOT_CLASS = YES_ERROR;
				CLANG_WARN_SUSPICIOUS_MOVES = YES;
				CLANG_WARN_UNREACHABLE_CODE = YES;
				CLANG_WARN__DUPLICATE_METHOD_MATCH = YES;
				"CODE_SIGN_IDENTITY[sdk=iphoneos*]" = "iPhone Developer";
				COPY_PHASE_STRIP = NO;
				DEBUG_INFORMATION_FORMAT = "dwarf-with-dsym";
				ENABLE_NS_ASSERTIONS = NO;
				ENABLE_STRICT_OBJC_MSGSEND = YES;
				GCC_C_LANGUAGE_STANDARD = gnu99;
				GCC_NO_COMMON_BLOCKS = YES;
				GCC_WARN_64_TO_32_BIT_CONVERSION = YES;
				GCC_WARN_ABOUT_RETURN_TYPE = YES_ERROR;
				GCC_WARN_UNDECLARED_SELECTOR = YES;
				GCC_WARN_UNINITIALIZED_AUTOS = YES_AGGRESSIVE;
				GCC_WARN_UNUSED_FUNCTION = YES;
				GCC_WARN_UNUSED_VARIABLE = YES;
				IPHONEOS_DEPLOYMENT_TARGET = 10.0;
				MTL_ENABLE_DEBUG_INFO = NO;
				SDKROOT = iphoneos;
				VALIDATE_PRODUCT = YES;
			};
			name = Release;
		};
		EDA1056E1DD6BC9200C26BC0 /* Debug */ = {
			isa = XCBuildConfiguration;
			buildSettings = {
				ASSETCATALOG_COMPILER_APPICON_NAME = AppIcon;
				INFOPLIST_FILE = TYMagnificationTransition/Info.plist;
				LD_RUNPATH_SEARCH_PATHS = "$(inherited) @executable_path/Frameworks";
				PRODUCT_BUNDLE_IDENTIFIER = org.thomasTY.TYMagnificationTransition;
				PRODUCT_NAME = "$(TARGET_NAME)";
			};
			name = Debug;
		};
		EDA1056F1DD6BC9200C26BC0 /* Release */ = {
			isa = XCBuildConfiguration;
			buildSettings = {
				ASSETCATALOG_COMPILER_APPICON_NAME = AppIcon;
				INFOPLIST_FILE = TYMagnificationTransition/Info.plist;
				LD_RUNPATH_SEARCH_PATHS = "$(inherited) @executable_path/Frameworks";
				PRODUCT_BUNDLE_IDENTIFIER = org.thomasTY.TYMagnificationTransition;
				PRODUCT_NAME = "$(TARGET_NAME)";
			};
			name = Release;
		};
/* End XCBuildConfiguration section */

/* Begin XCConfigurationList section */
		EDA105511DD6BC9100C26BC0 /* Build configuration list for PBXProject "TYMagnificationTransition" */ = {
			isa = XCConfigurationList;
			buildConfigurations = (
				EDA1056B1DD6BC9200C26BC0 /* Debug */,
				EDA1056C1DD6BC9200C26BC0 /* Release */,
			);
			defaultConfigurationIsVisible = 0;
			defaultConfigurationName = Release;
		};
		EDA1056D1DD6BC9200C26BC0 /* Build configuration list for PBXNativeTarget "TYMagnificationTransition" */ = {
			isa = XCConfigurationList;
			buildConfigurations = (
				EDA1056E1DD6BC9200C26BC0 /* Debug */,
				EDA1056F1DD6BC9200C26BC0 /* Release */,
			);
			defaultConfigurationIsVisible = 0;
			defaultConfigurationName = Release;
		};
/* End XCConfigurationList section */
	};
	rootObject = EDA1054E1DD6BC9100C26BC0 /* Project object */;
}
